// !$*UTF8*$!
{
	archiveVersion = 1;
	classes = {
	};
	objectVersion = 60;
	objects = {

/* Begin PBXBuildFile section */
		A1B2C3D41A2B3C4D5E6F7100 /* MesDepartsIOSAppApp.swift in Sources */ = {isa = PBXBuildFile; fileRef = A1B2C3D41A2B3C4D5E6F7200 /* MesDepartsIOSAppApp.swift */; };
		A1B2C3D41A2B3C4D5E6F7101 /* ContentView.swift in Sources */ = {isa = PBXBuildFile; fileRef = A1B2C3D41A2B3C4D5E6F7201 /* ContentView.swift */; };
		A1B2C3D41A2B3C4D5E6F7102 /* MesDepartsCore in Frameworks */ = {isa = PBXBuildFile; productRef = A1B2C3D41A2B3C4D5E6F7600 /* MesDepartsCore */; };
/* End PBXBuildFile section */

/* Begin PBXFileReference section */
		A1B2C3D41A2B3C4D5E6F7005 /* MesDepartsIOSApp.app */ = {isa = PBXFileReference; explicitFileType = wrapper.application; includeInIndex = 0; path = MesDepartsIOSApp.app; sourceTree = BUILT_PRODUCTS_DIR; };
		A1B2C3D41A2B3C4D5E6F7200 /* MesDepartsIOSAppApp.swift */ = {isa = PBXFileReference; lastKnownFileType = sourcecode.swift; path = MesDepartsIOSAppApp.swift; sourceTree = "<group>"; };
		A1B2C3D41A2B3C4D5E6F7201 /* ContentView.swift */ = {isa = PBXFileReference; lastKnownFileType = sourcecode.swift; path = ContentView.swift; sourceTree = "<group>"; };
/* End PBXFileReference section */

/* Begin PBXFrameworksBuildPhase section */
		A1B2C3D41A2B3C4D5E6F7003 /* Frameworks */ = {
			isa = PBXFrameworksBuildPhase;
			buildActionMask = 2147483647;
			files = (
				A1B2C3D41A2B3C4D5E6F7102 /* MesDepartsCore in Frameworks */,
			);
			runOnlyForDeploymentPostprocessing = 0;
		};
/* End PBXFrameworksBuildPhase section */

/* Begin PBXGroup section */
		A1B2C3D41A2B3C4D5E6F7004 /* Products */ = {
			isa = PBXGroup;
			children = (
				A1B2C3D41A2B3C4D5E6F7005 /* MesDepartsIOSApp.app */,
			);
			name = Products;
			sourceTree = "<group>";
		};
		A1B2C3D41A2B3C4D5E6F7006 /* Frameworks */ = {
			isa = PBXGroup;
			children = (
			);
			name = Frameworks;
			sourceTree = "<group>";
		};
		A1B2C3D41A2B3C4D5E6F7007 = {
			isa = PBXGroup;
			children = (
				A1B2C3D41A2B3C4D5E6F7008 /* App */,
				A1B2C3D41A2B3C4D5E6F7004 /* Products */,
				A1B2C3D41A2B3C4D5E6F7006 /* Frameworks */,
			);
			sourceTree = "<group>";
		};
		A1B2C3D41A2B3C4D5E6F7008 /* App */ = {
			isa = PBXGroup;
			children = (
				A1B2C3D41A2B3C4D5E6F7200 /* MesDepartsIOSAppApp.swift */,
				A1B2C3D41A2B3C4D5E6F7201 /* ContentView.swift */,
			);
			path = App;
			sourceTree = SOURCE_ROOT;
		};
/* End PBXGroup section */

/* Begin PBXNativeTarget section */
		A1B2C3D41A2B3C4D5E6F7001 /* MesDepartsIOSApp */ = {
			isa = PBXNativeTarget;
			buildConfigurationList = A1B2C3D41A2B3C4D5E6F7300 /* Build configuration list for PBXNativeTarget "MesDepartsIOSApp" */;
			buildPhases = (
				A1B2C3D41A2B3C4D5E6F7002 /* Sources */,
				A1B2C3D41A2B3C4D5E6F7003 /* Frameworks */,
				A1B2C3D41A2B3C4D5E6F7009 /* Resources */,
			);
			buildRules = (
			);
			dependencies = (
			);
			name = MesDepartsIOSApp;
			packageProductDependencies = (
				A1B2C3D41A2B3C4D5E6F7600 /* MesDepartsCore */,
			);
			productName = MesDepartsIOSApp;
			productReference = A1B2C3D41A2B3C4D5E6F7005 /* MesDepartsIOSApp.app */;
			productType = "com.apple.product-type.application";
		};
/* End PBXNativeTarget section */

/* Begin PBXProject section */
		A1B2C3D41A2B3C4D5E6F7000 /* Project object */ = {
			isa = PBXProject;
			attributes = {
				BuildIndependentTargetsInParallel = YES;
				LastSwiftUpdateCheck = 1600;
				LastUpgradeCheck = 1600;
				TargetAttributes = {
					A1B2C3D41A2B3C4D5E6F7001 = {
						CreatedOnToolsVersion = 16.0;
						ProvisioningStyle = Automatic;
					};
				};
			};
			buildConfigurationList = A1B2C3D41A2B3C4D5E6F7301 /* Build configuration list for PBXProject "MesDepartsIOSApp" */;
			compatibilityVersion = "Xcode 14.0";
			developmentRegion = en;
			hasScannedForEncodings = 0;
			knownRegions = (
				en,
				Base,
			);
			mainGroup = A1B2C3D41A2B3C4D5E6F7007;
			packageReferences = (
				A1B2C3D41A2B3C4D5E6F7601 /* XCLocalSwiftPackageReference "../MesDepartsCore" */,
			);
			productRefGroup = A1B2C3D41A2B3C4D5E6F7004 /* Products */;
			projectDirPath = "";
			projectRoot = "";
			targets = (
				A1B2C3D41A2B3C4D5E6F7001 /* MesDepartsIOSApp */,
			);
		};
/* End PBXProject section */

/* Begin PBXResourcesBuildPhase section */
		A1B2C3D41A2B3C4D5E6F7009 /* Resources */ = {
			isa = PBXResourcesBuildPhase;
			buildActionMask = 2147483647;
			files = (
			);
			runOnlyForDeploymentPostprocessing = 0;
		};
/* End PBXResourcesBuildPhase section */

/* Begin PBXSourcesBuildPhase section */
		A1B2C3D41A2B3C4D5E6F7002 /* Sources */ = {
			isa = PBXSourcesBuildPhase;
			buildActionMask = 2147483647;
			files = (
				A1B2C3D41A2B3C4D5E6F7100 /* MesDepartsIOSAppApp.swift in Sources */,
				A1B2C3D41A2B3C4D5E6F7101 /* ContentView.swift in Sources */,
			);
			runOnlyForDeploymentPostprocessing = 0;
		};
/* End PBXSourcesBuildPhase section */

/* Begin XCBuildConfiguration section */
		A1B2C3D41A2B3C4D5E6F7400 /* Debug */ = {
			isa = XCBuildConfiguration;
			buildSettings = {
				ALWAYS_SEARCH_USER_PATHS = NO;
				CLANG_ANALYZER_NONNULL = YES;
				CLANG_ANALYZER_NUMBER_OBJECT_CONVERSION = YES_AGGRESSIVE;
				CLANG_CXX_LANGUAGE_STANDARD = "gnu++20";
				CLANG_ENABLE_MODULES = YES;
				CLANG_ENABLE_OBJC_ARC = YES;
				CLANG_WARN_DOCUMENTATION_COMMENTS = YES;
				CLANG_WARN_EMPTY_BODY = YES;
				CLANG_WARN_UNGUARDED_AVAILABILITY = YES_AGGRESSIVE;
				COPY_PHASE_STRIP = NO;
				DEBUG_INFORMATION_FORMAT = dwarf;
				ENABLE_STRICT_OBJC_MSGSEND = YES;
				ENABLE_TESTABILITY = YES;
				GCC_C_LANGUAGE_STANDARD = gnu17;
				GCC_NO_COMMON_BLOCKS = YES;
				GCC_WARN_64_TO_32_BIT_CONVERSION = YES;
				GCC_WARN_UNDECLARED_SELECTOR = YES;
				GCC_WARN_UNINITIALIZED_AUTOS = YES_AGGRESSIVE;
				GCC_WARN_UNUSED_FUNCTION = YES;
				GCC_WARN_UNUSED_VARIABLE = YES;
				IPHONEOS_DEPLOYMENT_TARGET = 16.0;
				MTL_ENABLE_DEBUG_INFO = INCLUDE_SOURCE;
				ONLY_ACTIVE_ARCH = YES;
				SDKROOT = iphoneos;
				SWIFT_ACTIVE_COMPILATION_CONDITIONS = DEBUG;
				SWIFT_OPTIMIZATION_LEVEL = "-Onone";
			};
			name = Debug;
		};
		A1B2C3D41A2B3C4D5E6F7401 /* Release */ = {
			isa = XCBuildConfiguration;
			buildSettings = {
				ALWAYS_SEARCH_USER_PATHS = NO;
				CLANG_ANALYZER_NONNULL = YES;
				CLANG_ANALYZER_NUMBER_OBJECT_CONVERSION = YES_AGGRESSIVE;
				CLANG_CXX_LANGUAGE_STANDARD = "gnu++20";
				CLANG_ENABLE_MODULES = YES;
				CLANG_ENABLE_OBJC_ARC = YES;
				CLANG_WARN_DOCUMENTATION_COMMENTS = YES;
				CLANG_WARN_EMPTY_BODY = YES;
				CLANG_WARN_UNGUARDED_AVAILABILITY = YES_AGGRESSIVE;
				COPY_PHASE_STRIP = NO;
				DEBUG_INFORMATION_FORMAT = "dwarf-with-dsym";
				ENABLE_NS_ASSERTIONS = NO;
				ENABLE_STRICT_OBJC_MSGSEND = YES;
				GCC_C_LANGUAGE_STANDARD = gnu17;
				GCC_NO_COMMON_BLOCKS = YES;
				GCC_WARN_64_TO_32_BIT_CONVERSION = YES;
				GCC_WARN_UNDECLARED_SELECTOR = YES;
				GCC_WARN_UNINITIALIZED_AUTOS = YES_AGGRESSIVE;
				GCC_WARN_UNUSED_FUNCTION = YES;
				GCC_WARN_UNUSED_VARIABLE = YES;
				IPHONEOS_DEPLOYMENT_TARGET = 16.0;
				MTL_ENABLE_DEBUG_INFO = NO;
				SDKROOT = iphoneos;
				SWIFT_COMPILATION_MODE = wholemodule;
				SWIFT_OPTIMIZATION_LEVEL = "-O";
			};
			name = Release;
		};
		A1B2C3D41A2B3C4D5E6F7500 /* Debug */ = {
			isa = XCBuildConfiguration;
			buildSettings = {
				ASSETCATALOG_COMPILER_APPICON_NAME = AppIcon;
				CODE_SIGN_STYLE = Automatic;
				CURRENT_PROJECT_VERSION = 1;
				DEVELOPMENT_TEAM = "";
				ENABLE_PREVIEWS = YES;
				GENERATE_INFOPLIST_FILE = YES;
				INFOPLIST_KEY_CFBundleDisplayName = MesDeparts;
				INFOPLIST_KEY_UIApplicationSceneManifest_Generation = YES;
				INFOPLIST_KEY_UIApplicationSupportsIndirectInputEvents = YES;
				INFOPLIST_KEY_UILaunchScreen_Generation = YES;
				INFOPLIST_KEY_UISupportedInterfaceOrientations_iPad = "UIInterfaceOrientationPortrait UIInterfaceOrientationPortraitUpsideDown UIInterfaceOrientationLandscapeLeft UIInterfaceOrientationLandscapeRight";
				INFOPLIST_KEY_UISupportedInterfaceOrientations_iPhone = "UIInterfaceOrientationPortrait UIInterfaceOrientationLandscapeLeft UIInterfaceOrientationLandscapeRight";
				IPHONEOS_DEPLOYMENT_TARGET = 16.0;
				LD_RUNPATH_SEARCH_PATHS = (
					"$(inherited)",
					"@executable_path/Frameworks",
				);
				MARKETING_VERSION = 1.0;
				PRODUCT_BUNDLE_IDENTIFIER = ch.mesdeparts.iosapp;
				PRODUCT_NAME = "$(TARGET_NAME)";
				SUPPORTED_PLATFORMS = "iphoneos iphonesimulator";
				SWIFT_EMIT_LOC_STRINGS = YES;
				SWIFT_VERSION = 5.0;
				TARGETED_DEVICE_FAMILY = "1,2";
			};
			name = Debug;
		};
		A1B2C3D41A2B3C4D5E6F7501 /* Release */ = {
			isa = XCBuildConfiguration;
			buildSettings = {
				ASSETCATALOG_COMPILER_APPICON_NAME = AppIcon;
				CODE_SIGN_STYLE = Automatic;
				CURRENT_PROJECT_VERSION = 1;
				DEVELOPMENT_TEAM = "";
				ENABLE_PREVIEWS = YES;
				GENERATE_INFOPLIST_FILE = YES;
				INFOPLIST_KEY_CFBundleDisplayName = MesDeparts;
				INFOPLIST_KEY_UIApplicationSceneManifest_Generation = YES;
				INFOPLIST_KEY_UIApplicationSupportsIndirectInputEvents = YES;
				INFOPLIST_KEY_UILaunchScreen_Generation = YES;
				INFOPLIST_KEY_UISupportedInterfaceOrientations_iPad = "UIInterfaceOrientationPortrait UIInterfaceOrientationPortraitUpsideDown UIInterfaceOrientationLandscapeLeft UIInterfaceOrientationLandscapeRight";
				INFOPLIST_KEY_UISupportedInterfaceOrientations_iPhone = "UIInterfaceOrientationPortrait UIInterfaceOrientationLandscapeLeft UIInterfaceOrientationLandscapeRight";
				IPHONEOS_DEPLOYMENT_TARGET = 16.0;
				LD_RUNPATH_SEARCH_PATHS = (
					"$(inherited)",
					"@executable_path/Frameworks",
				);
				MARKETING_VERSION = 1.0;
				PRODUCT_BUNDLE_IDENTIFIER = ch.mesdeparts.iosapp;
				PRODUCT_NAME = "$(TARGET_NAME)";
				SUPPORTED_PLATFORMS = "iphoneos iphonesimulator";
				SWIFT_EMIT_LOC_STRINGS = YES;
				SWIFT_VERSION = 5.0;
				TARGETED_DEVICE_FAMILY = "1,2";
			};
			name = Release;
		};
/* End XCBuildConfiguration section */

/* Begin XCConfigurationList section */
		A1B2C3D41A2B3C4D5E6F7300 /* Build configuration list for PBXNativeTarget "MesDepartsIOSApp" */ = {
			isa = XCConfigurationList;
			buildConfigurations = (
				A1B2C3D41A2B3C4D5E6F7500 /* Debug */,
				A1B2C3D41A2B3C4D5E6F7501 /* Release */,
			);
			defaultConfigurationIsVisible = 0;
			defaultConfigurationName = Release;
		};
		A1B2C3D41A2B3C4D5E6F7301 /* Build configuration list for PBXProject "MesDepartsIOSApp" */ = {
			isa = XCConfigurationList;
			buildConfigurations = (
				A1B2C3D41A2B3C4D5E6F7400 /* Debug */,
				A1B2C3D41A2B3C4D5E6F7401 /* Release */,
			);
			defaultConfigurationIsVisible = 0;
			defaultConfigurationName = Release;
		};
/* End XCConfigurationList section */

/* Begin XCLocalSwiftPackageReference section */
		A1B2C3D41A2B3C4D5E6F7601 /* XCLocalSwiftPackageReference "../MesDepartsCore" */ = {
			isa = XCLocalSwiftPackageReference;
			relativePath = ../MesDepartsCore;
		};
/* End XCLocalSwiftPackageReference section */

/* Begin XCSwiftPackageProductDependency section */
		A1B2C3D41A2B3C4D5E6F7600 /* MesDepartsCore */ = {
			isa = XCSwiftPackageProductDependency;
			package = A1B2C3D41A2B3C4D5E6F7601 /* XCLocalSwiftPackageReference "../MesDepartsCore" */;
			productName = MesDepartsCore;
		};
/* End XCSwiftPackageProductDependency section */
	};
	rootObject = A1B2C3D41A2B3C4D5E6F7000 /* Project object */;
}
